
Microsoft Visual Studio Solution File, Format Version 12.00
# Visual Studio 15
VisualStudioVersion = 15.0.27130.2027
MinimumVisualStudioVersion = 10.0.40219.1
Project("{FAE04EC0-301F-11D3-BF4B-00C04F79EFBC}") = "OpenGCBrowser", "OpenGCBrowser\OpenGCBrowser.csproj", "{7531D13C-DC0E-48B2-86FE-80905D1CCB9B}"
EndProject
Global
	GlobalSection(SolutionConfigurationPlatforms) = preSolution
		Debug|Any CPU = Debug|Any CPU
		Release|Any CPU = Release|Any CPU
	EndGlobalSection
	GlobalSection(ProjectConfigurationPlatforms) = postSolution
		{7531D13C-DC0E-48B2-86FE-80905D1CCB9B}.Debug|Any CPU.ActiveCfg = Debug|Any CPU
		{7531D13C-DC0E-48B2-86FE-80905D1CCB9B}.Debug|Any CPU.Build.0 = Debug|Any CPU
		{7531D13C-DC0E-48B2-86FE-80905D1CCB9B}.Release|Any CPU.ActiveCfg = Release|Any CPU
		{7531D13C-DC0E-48B2-86FE-80905D1CCB9B}.Release|Any CPU.Build.0 = Release|Any CPU
	EndGlobalSection
	GlobalSection(SolutionProperties) = preSolution
		HideSolutionNode = FALSE
	EndGlobalSection
	GlobalSection(ExtensibilityGlobals) = postSolution
		SolutionGuid = {204AF718-F932-4865-872D-3C4998354495}
	EndGlobalSection
EndGlobal
